{
  "name": "lsp-tsgo",
  "lockfileVersion": 2,
  "requires": true,
  "packages": {
    "": {
      "name": "lsp-tsgo",
      "dependencies": {
        "@typescript/native-preview": "7.0.0-dev.20260630.1"
      }
    },
    "node_modules/@typescript/native-preview": {
      "version": "7.0.0-dev.20260630.1",
      "resolved": "https://registry.npmjs.org/@typescript/native-preview/-/native-preview-7.0.0-dev.20260630.1.tgz",
      "integrity": "sha512-5OTvy2YpoDsOwAPqj4LkI4mrlAtc3mRzNdHAPp/1JWUvsKSRTzqAB2JPVD4qHUkAd9qY89yb758kc7fGyn3gbw==",
      "bin": {
        "tsgo": "bin/tsgo"
      },
      "engines": {
        "node": ">=16.20.0"
      },
      "optionalDependencies": {
        "@typescript/native-preview-darwin-arm64": "7.0.0-dev.20260630.1",
        "@typescript/native-preview-darwin-x64": "7.0.0-dev.20260630.1",
        "@typescript/native-preview-linux-arm": "7.0.0-dev.20260630.1",
        "@typescript/native-preview-linux-arm64": "7.0.0-dev.20260630.1",
        "@typescript/native-preview-linux-x64": "7.0.0-dev.20260630.1",
        "@typescript/native-preview-win32-arm64": "7.0.0-dev.20260630.1",
        "@typescript/native-preview-win32-x64": "7.0.0-dev.20260630.1"
      }
    },
    "node_modules/@typescript/native-preview-darwin-arm64": {
      "version": "7.0.0-dev.20260630.1",
      "resolved": "https://registry.npmjs.org/@typescript/native-preview-darwin-arm64/-/native-preview-darwin-arm64-7.0.0-dev.20260630.1.tgz",
      "integrity": "sha512-zo1TYD32r+MKOTnzhB1YGr2Jrw14tzGR/rpfr6hRMDz0kV9k2CWVvtOYOmOtRdmuO4KWZcWtVX13QyaPGhA8Hw==",
      "cpu": [
        "arm64"
      ],
      "optional": true,
      "os": [
        "darwin"
      ],
      "engines": {
        "node": ">=16.20.0"
      }
    },
    "node_modules/@typescript/native-preview-darwin-x64": {
      "version": "7.0.0-dev.20260630.1",
      "resolved": "https://registry.npmjs.org/@typescript/native-preview-darwin-x64/-/native-preview-darwin-x64-7.0.0-dev.20260630.1.tgz",
      "integrity": "sha512-57RYyZQQ6+drfu+CagVdqUvQwNesvuu/rJb/au66jv+figfpDOugD0S6ruQl1SxpFFfr0lCny3KEplsBdqFDEg==",
      "cpu": [
        "x64"
      ],
      "optional": true,
      "os": [
        "darwin"
      ],
      "engines": {
        "node": ">=16.20.0"
      }
    },
    "node_modules/@typescript/native-preview-linux-arm": {
      "version": "7.0.0-dev.20260630.1",
      "resolved": "https://registry.npmjs.org/@typescript/native-preview-linux-arm/-/native-preview-linux-arm-7.0.0-dev.20260630.1.tgz",
      "integrity": "sha512-FLJSSt3bUmRpzWlr5cDE+td40FoDy/MT+VDYk4JGouisJo7g7GPjuF+fYOfsKI/RbD9f6gDFTyFPAoTLVVR/9g==",
      "cpu": [
        "arm"
      ],
      "optional": true,
      "os": [
        "linux"
      ],
      "engines": {
        "node": ">=16.20.0"
      }
    },
    "node_modules/@typescript/native-preview-linux-arm64": {
      "version": "7.0.0-dev.20260630.1",
      "resolved": "https://registry.npmjs.org/@typescript/native-preview-linux-arm64/-/native-preview-linux-arm64-7.0.0-dev.20260630.1.tgz",
      "integrity": "sha512-QQxNyZ9rVbE6lUqctrrRiTtA5Z0w2FFBy8SkiP/eDkuRy2WXrVpMQYntNn6d4nO1nWTmWJR1z/CS+H2rsrl8gg==",
      "cpu": [
        "arm64"
      ],
      "optional": true,
      "os": [
        "linux"
      ],
      "engines": {
        "node": ">=16.20.0"
      }
    },
    "node_modules/@typescript/native-preview-linux-x64": {
      "version": "7.0.0-dev.20260630.1",
      "resolved": "https://registry.npmjs.org/@typescript/native-preview-linux-x64/-/native-preview-linux-x64-7.0.0-dev.20260630.1.tgz",
      "integrity": "sha512-WqNPvUBngGfnkunqn3IuIkkF6PA/HPSSbVucolO7stc9DxWZqfRals6/C8RTvuQaif9qt+bcY9U6lLXuDFyClA==",
      "cpu": [
        "x64"
      ],
      "optional": true,
      "os": [
        "linux"
      ],
      "engines": {
        "node": ">=16.20.0"
      }
    },
    "node_modules/@typescript/native-preview-win32-arm64": {
      "version": "7.0.0-dev.20260630.1",
      "resolved": "https://registry.npmjs.org/@typescript/native-preview-win32-arm64/-/native-preview-win32-arm64-7.0.0-dev.20260630.1.tgz",
      "integrity": "sha512-awATkrGGm2L1IraQgaw21VXWtAqv79DJ57No/J65Y+bL8InOVR2zu+zCH+5E44m8bh9IXwnShI7cAdvp02WNEw==",
      "cpu": [
        "arm64"
      ],
      "optional": true,
      "os": [
        "win32"
      ],
      "engines": {
        "node": ">=16.20.0"
      }
    },
    "node_modules/@typescript/native-preview-win32-x64": {
      "version": "7.0.0-dev.20260630.1",
      "resolved": "https://registry.npmjs.org/@typescript/native-preview-win32-x64/-/native-preview-win32-x64-7.0.0-dev.20260630.1.tgz",
      "integrity": "sha512-M/+P66Gsss/CANV+MkKVFeNi9jljYYR3N2COf/WrVYcDwrHyiYHZYExfTw2cEbbkH8LcawXAekp9d23bevBR4Q==",
      "cpu": [
        "x64"
      ],
      "optional": true,
      "os": [
        "win32"
      ],
      "engines": {
        "node": ">=16.20.0"
      }
    }
  },
  "dependencies": {
    "@typescript/native-preview": {
      "version": "7.0.0-dev.20260630.1",
      "resolved": "https://registry.npmjs.org/@typescript/native-preview/-/native-preview-7.0.0-dev.20260630.1.tgz",
      "integrity": "sha512-5OTvy2YpoDsOwAPqj4LkI4mrlAtc3mRzNdHAPp/1JWUvsKSRTzqAB2JPVD4qHUkAd9qY89yb758kc7fGyn3gbw==",
      "requires": {
        "@typescript/native-preview-darwin-arm64": "7.0.0-dev.20260630.1",
        "@typescript/native-preview-darwin-x64": "7.0.0-dev.20260630.1",
        "@typescript/native-preview-linux-arm": "7.0.0-dev.20260630.1",
        "@typescript/native-preview-linux-arm64": "7.0.0-dev.20260630.1",
        "@typescript/native-preview-linux-x64": "7.0.0-dev.20260630.1",
        "@typescript/native-preview-win32-arm64": "7.0.0-dev.20260630.1",
        "@typescript/native-preview-win32-x64": "7.0.0-dev.20260630.1"
      }
    },
    "@typescript/native-preview-darwin-arm64": {
      "version": "7.0.0-dev.20260630.1",
      "resolved": "https://registry.npmjs.org/@typescript/native-preview-darwin-arm64/-/native-preview-darwin-arm64-7.0.0-dev.20260630.1.tgz",
      "integrity": "sha512-zo1TYD32r+MKOTnzhB1YGr2Jrw14tzGR/rpfr6hRMDz0kV9k2CWVvtOYOmOtRdmuO4KWZcWtVX13QyaPGhA8Hw==",
      "optional": true
    },
    "@typescript/native-preview-darwin-x64": {
      "version": "7.0.0-dev.20260630.1",
      "resolved": "https://registry.npmjs.org/@typescript/native-preview-darwin-x64/-/native-preview-darwin-x64-7.0.0-dev.20260630.1.tgz",
      "integrity": "sha512-57RYyZQQ6+drfu+CagVdqUvQwNesvuu/rJb/au66jv+figfpDOugD0S6ruQl1SxpFFfr0lCny3KEplsBdqFDEg==",
      "optional": true
    },
    "@typescript/native-preview-linux-arm": {
      "version": "7.0.0-dev.20260630.1",
      "resolved": "https://registry.npmjs.org/@typescript/native-preview-linux-arm/-/native-preview-linux-arm-7.0.0-dev.20260630.1.tgz",
      "integrity": "sha512-FLJSSt3bUmRpzWlr5cDE+td40FoDy/MT+VDYk4JGouisJo7g7GPjuF+fYOfsKI/RbD9f6gDFTyFPAoTLVVR/9g==",
      "optional": true
    },
    "@typescript/native-preview-linux-arm64": {
      "version": "7.0.0-dev.20260630.1",
      "resolved": "https://registry.npmjs.org/@typescript/native-preview-linux-arm64/-/native-preview-linux-arm64-7.0.0-dev.20260630.1.tgz",
      "integrity": "sha512-QQxNyZ9rVbE6lUqctrrRiTtA5Z0w2FFBy8SkiP/eDkuRy2WXrVpMQYntNn6d4nO1nWTmWJR1z/CS+H2rsrl8gg==",
      "optional": true
    },
    "@typescript/native-preview-linux-x64": {
      "version": "7.0.0-dev.20260630.1",
      "resolved": "https://registry.npmjs.org/@typescript/native-preview-linux-x64/-/native-preview-linux-x64-7.0.0-dev.20260630.1.tgz",
      "integrity": "sha512-WqNPvUBngGfnkunqn3IuIkkF6PA/HPSSbVucolO7stc9DxWZqfRals6/C8RTvuQaif9qt+bcY9U6lLXuDFyClA==",
      "optional": true
    },
    "@typescript/native-preview-win32-arm64": {
      "version": "7.0.0-dev.20260630.1",
      "resolved": "https://registry.npmjs.org/@typescript/native-preview-win32-arm64/-/native-preview-win32-arm64-7.0.0-dev.20260630.1.tgz",
      "integrity": "sha512-awATkrGGm2L1IraQgaw21VXWtAqv79DJ57No/J65Y+bL8InOVR2zu+zCH+5E44m8bh9IXwnShI7cAdvp02WNEw==",
      "optional": true
    },
    "@typescript/native-preview-win32-x64": {
      "version": "7.0.0-dev.20260630.1",
      "resolved": "https://registry.npmjs.org/@typescript/native-preview-win32-x64/-/native-preview-win32-x64-7.0.0-dev.20260630.1.tgz",
      "integrity": "sha512-M/+P66Gsss/CANV+MkKVFeNi9jljYYR3N2COf/WrVYcDwrHyiYHZYExfTw2cEbbkH8LcawXAekp9d23bevBR4Q==",
      "optional": true
    }
  }
}
