{
  "name": "lsp-tsgo",
  "lockfileVersion": 2,
  "requires": true,
  "packages": {
    "": {
      "name": "lsp-tsgo",
      "dependencies": {
        "@typescript/native-preview": "7.0.0-dev.20260616.1"
      }
    },
    "node_modules/@typescript/native-preview": {
      "version": "7.0.0-dev.20260616.1",
      "resolved": "https://registry.npmjs.org/@typescript/native-preview/-/native-preview-7.0.0-dev.20260616.1.tgz",
      "integrity": "sha512-+AuZUl7nkLPXL1rwsyZZF7iasu0HkrL5O6aWwUC0cObD5EvNgxz3hXbBhsSvuJ8tb2JRpVwFsE0BHPcYVe5GkA==",
      "bin": {
        "tsgo": "bin/tsgo.js"
      },
      "engines": {
        "node": ">=16.20.0"
      },
      "optionalDependencies": {
        "@typescript/native-preview-darwin-arm64": "7.0.0-dev.20260616.1",
        "@typescript/native-preview-darwin-x64": "7.0.0-dev.20260616.1",
        "@typescript/native-preview-linux-arm": "7.0.0-dev.20260616.1",
        "@typescript/native-preview-linux-arm64": "7.0.0-dev.20260616.1",
        "@typescript/native-preview-linux-x64": "7.0.0-dev.20260616.1",
        "@typescript/native-preview-win32-arm64": "7.0.0-dev.20260616.1",
        "@typescript/native-preview-win32-x64": "7.0.0-dev.20260616.1"
      }
    },
    "node_modules/@typescript/native-preview-darwin-arm64": {
      "version": "7.0.0-dev.20260616.1",
      "resolved": "https://registry.npmjs.org/@typescript/native-preview-darwin-arm64/-/native-preview-darwin-arm64-7.0.0-dev.20260616.1.tgz",
      "integrity": "sha512-9SwegwwE7fYutnZJjTi2PeUXhKGFg82MGjSpCFD2cj5v9YQcs5oO5QsmeeMit4fMG8Z83Jy8knOF97d9NaQ7Bg==",
      "cpu": [
        "arm64"
      ],
      "optional": true,
      "os": [
        "darwin"
      ],
      "engines": {
        "node": ">=16.20.0"
      }
    },
    "node_modules/@typescript/native-preview-darwin-x64": {
      "version": "7.0.0-dev.20260616.1",
      "resolved": "https://registry.npmjs.org/@typescript/native-preview-darwin-x64/-/native-preview-darwin-x64-7.0.0-dev.20260616.1.tgz",
      "integrity": "sha512-gl7R8OiwEBNxzs5wjbM9XOibTs5b6/gAgu0+En9pLpYuWR/EITs8Eh0mNQui4JYTp1SkoHvn09aRZKTQf21XTg==",
      "cpu": [
        "x64"
      ],
      "optional": true,
      "os": [
        "darwin"
      ],
      "engines": {
        "node": ">=16.20.0"
      }
    },
    "node_modules/@typescript/native-preview-linux-arm": {
      "version": "7.0.0-dev.20260616.1",
      "resolved": "https://registry.npmjs.org/@typescript/native-preview-linux-arm/-/native-preview-linux-arm-7.0.0-dev.20260616.1.tgz",
      "integrity": "sha512-QWXQS2CrhSpXbng7vBtCVDszFgwVBuJU8MCFhxZL0hH6s+XjQDSNNkGO1oHueBr+7HbSkkyqfNYVNXvgVMUJLQ==",
      "cpu": [
        "arm"
      ],
      "optional": true,
      "os": [
        "linux"
      ],
      "engines": {
        "node": ">=16.20.0"
      }
    },
    "node_modules/@typescript/native-preview-linux-arm64": {
      "version": "7.0.0-dev.20260616.1",
      "resolved": "https://registry.npmjs.org/@typescript/native-preview-linux-arm64/-/native-preview-linux-arm64-7.0.0-dev.20260616.1.tgz",
      "integrity": "sha512-CJjplWoE+EeYtbyNeP4fyuh0QcPiQBZJSLqPS07E3ugo3d9M/IG8WnL+3GFQ0g1p4c6QC/+OC0oTTQnGcNdd2Q==",
      "cpu": [
        "arm64"
      ],
      "optional": true,
      "os": [
        "linux"
      ],
      "engines": {
        "node": ">=16.20.0"
      }
    },
    "node_modules/@typescript/native-preview-linux-x64": {
      "version": "7.0.0-dev.20260616.1",
      "resolved": "https://registry.npmjs.org/@typescript/native-preview-linux-x64/-/native-preview-linux-x64-7.0.0-dev.20260616.1.tgz",
      "integrity": "sha512-UVySBNnGTAnul2kO2/EhlVZl0CeTDcd6Lzi+WkvgyCgapTcU0BX1selQ4MEPtbVWKUbt9HBhxNku2dyaCcmKVw==",
      "cpu": [
        "x64"
      ],
      "optional": true,
      "os": [
        "linux"
      ],
      "engines": {
        "node": ">=16.20.0"
      }
    },
    "node_modules/@typescript/native-preview-win32-arm64": {
      "version": "7.0.0-dev.20260616.1",
      "resolved": "https://registry.npmjs.org/@typescript/native-preview-win32-arm64/-/native-preview-win32-arm64-7.0.0-dev.20260616.1.tgz",
      "integrity": "sha512-kdX0QcDXiESH0o5DFdSWw15Hth0EtQobT9tX28ofqBUwGU1FFhwTKzA6qo7chaYUSW5MMd6XIME9rBwk+WizLw==",
      "cpu": [
        "arm64"
      ],
      "optional": true,
      "os": [
        "win32"
      ],
      "engines": {
        "node": ">=16.20.0"
      }
    },
    "node_modules/@typescript/native-preview-win32-x64": {
      "version": "7.0.0-dev.20260616.1",
      "resolved": "https://registry.npmjs.org/@typescript/native-preview-win32-x64/-/native-preview-win32-x64-7.0.0-dev.20260616.1.tgz",
      "integrity": "sha512-EB0Pj/0+nXifS3+wN0HdR1mKu7IieSpjMXoDjdXtJAdiPGlmKazBgHj97qn6CBvXisgLx0Eyb7tLCEQNDG53cA==",
      "cpu": [
        "x64"
      ],
      "optional": true,
      "os": [
        "win32"
      ],
      "engines": {
        "node": ">=16.20.0"
      }
    }
  },
  "dependencies": {
    "@typescript/native-preview": {
      "version": "7.0.0-dev.20260616.1",
      "resolved": "https://registry.npmjs.org/@typescript/native-preview/-/native-preview-7.0.0-dev.20260616.1.tgz",
      "integrity": "sha512-+AuZUl7nkLPXL1rwsyZZF7iasu0HkrL5O6aWwUC0cObD5EvNgxz3hXbBhsSvuJ8tb2JRpVwFsE0BHPcYVe5GkA==",
      "requires": {
        "@typescript/native-preview-darwin-arm64": "7.0.0-dev.20260616.1",
        "@typescript/native-preview-darwin-x64": "7.0.0-dev.20260616.1",
        "@typescript/native-preview-linux-arm": "7.0.0-dev.20260616.1",
        "@typescript/native-preview-linux-arm64": "7.0.0-dev.20260616.1",
        "@typescript/native-preview-linux-x64": "7.0.0-dev.20260616.1",
        "@typescript/native-preview-win32-arm64": "7.0.0-dev.20260616.1",
        "@typescript/native-preview-win32-x64": "7.0.0-dev.20260616.1"
      }
    },
    "@typescript/native-preview-darwin-arm64": {
      "version": "7.0.0-dev.20260616.1",
      "resolved": "https://registry.npmjs.org/@typescript/native-preview-darwin-arm64/-/native-preview-darwin-arm64-7.0.0-dev.20260616.1.tgz",
      "integrity": "sha512-9SwegwwE7fYutnZJjTi2PeUXhKGFg82MGjSpCFD2cj5v9YQcs5oO5QsmeeMit4fMG8Z83Jy8knOF97d9NaQ7Bg==",
      "optional": true
    },
    "@typescript/native-preview-darwin-x64": {
      "version": "7.0.0-dev.20260616.1",
      "resolved": "https://registry.npmjs.org/@typescript/native-preview-darwin-x64/-/native-preview-darwin-x64-7.0.0-dev.20260616.1.tgz",
      "integrity": "sha512-gl7R8OiwEBNxzs5wjbM9XOibTs5b6/gAgu0+En9pLpYuWR/EITs8Eh0mNQui4JYTp1SkoHvn09aRZKTQf21XTg==",
      "optional": true
    },
    "@typescript/native-preview-linux-arm": {
      "version": "7.0.0-dev.20260616.1",
      "resolved": "https://registry.npmjs.org/@typescript/native-preview-linux-arm/-/native-preview-linux-arm-7.0.0-dev.20260616.1.tgz",
      "integrity": "sha512-QWXQS2CrhSpXbng7vBtCVDszFgwVBuJU8MCFhxZL0hH6s+XjQDSNNkGO1oHueBr+7HbSkkyqfNYVNXvgVMUJLQ==",
      "optional": true
    },
    "@typescript/native-preview-linux-arm64": {
      "version": "7.0.0-dev.20260616.1",
      "resolved": "https://registry.npmjs.org/@typescript/native-preview-linux-arm64/-/native-preview-linux-arm64-7.0.0-dev.20260616.1.tgz",
      "integrity": "sha512-CJjplWoE+EeYtbyNeP4fyuh0QcPiQBZJSLqPS07E3ugo3d9M/IG8WnL+3GFQ0g1p4c6QC/+OC0oTTQnGcNdd2Q==",
      "optional": true
    },
    "@typescript/native-preview-linux-x64": {
      "version": "7.0.0-dev.20260616.1",
      "resolved": "https://registry.npmjs.org/@typescript/native-preview-linux-x64/-/native-preview-linux-x64-7.0.0-dev.20260616.1.tgz",
      "integrity": "sha512-UVySBNnGTAnul2kO2/EhlVZl0CeTDcd6Lzi+WkvgyCgapTcU0BX1selQ4MEPtbVWKUbt9HBhxNku2dyaCcmKVw==",
      "optional": true
    },
    "@typescript/native-preview-win32-arm64": {
      "version": "7.0.0-dev.20260616.1",
      "resolved": "https://registry.npmjs.org/@typescript/native-preview-win32-arm64/-/native-preview-win32-arm64-7.0.0-dev.20260616.1.tgz",
      "integrity": "sha512-kdX0QcDXiESH0o5DFdSWw15Hth0EtQobT9tX28ofqBUwGU1FFhwTKzA6qo7chaYUSW5MMd6XIME9rBwk+WizLw==",
      "optional": true
    },
    "@typescript/native-preview-win32-x64": {
      "version": "7.0.0-dev.20260616.1",
      "resolved": "https://registry.npmjs.org/@typescript/native-preview-win32-x64/-/native-preview-win32-x64-7.0.0-dev.20260616.1.tgz",
      "integrity": "sha512-EB0Pj/0+nXifS3+wN0HdR1mKu7IieSpjMXoDjdXtJAdiPGlmKazBgHj97qn6CBvXisgLx0Eyb7tLCEQNDG53cA==",
      "optional": true
    }
  }
}
