{
  "name": "lsp-tsgo",
  "lockfileVersion": 2,
  "requires": true,
  "packages": {
    "": {
      "name": "lsp-tsgo",
      "dependencies": {
        "@typescript/native-preview": "7.0.0-dev.20260702.3"
      }
    },
    "node_modules/@typescript/native-preview": {
      "version": "7.0.0-dev.20260702.3",
      "resolved": "https://registry.npmjs.org/@typescript/native-preview/-/native-preview-7.0.0-dev.20260702.3.tgz",
      "integrity": "sha512-j21laxUja23ex6qYGjwiSiQ6YpS/p5E7lCMDYKDBAdBv93Z1NzV96BZV3gdRwl+buH09EPuBAiqxKQqRO1grhw==",
      "bin": {
        "tsgo": "bin/tsgo"
      },
      "engines": {
        "node": ">=16.20.0"
      },
      "optionalDependencies": {
        "@typescript/native-preview-darwin-arm64": "7.0.0-dev.20260702.3",
        "@typescript/native-preview-darwin-x64": "7.0.0-dev.20260702.3",
        "@typescript/native-preview-linux-arm": "7.0.0-dev.20260702.3",
        "@typescript/native-preview-linux-arm64": "7.0.0-dev.20260702.3",
        "@typescript/native-preview-linux-x64": "7.0.0-dev.20260702.3",
        "@typescript/native-preview-win32-arm64": "7.0.0-dev.20260702.3",
        "@typescript/native-preview-win32-x64": "7.0.0-dev.20260702.3"
      }
    },
    "node_modules/@typescript/native-preview-darwin-arm64": {
      "version": "7.0.0-dev.20260702.3",
      "resolved": "https://registry.npmjs.org/@typescript/native-preview-darwin-arm64/-/native-preview-darwin-arm64-7.0.0-dev.20260702.3.tgz",
      "integrity": "sha512-sswJ7XRSH17/jDv6eqlRyNzjQev4w+TH+16RgeoZkKbQfZnVuLchF4ORCecEuia15X2yE8pbiQGY596LVbGKdA==",
      "cpu": [
        "arm64"
      ],
      "optional": true,
      "os": [
        "darwin"
      ],
      "engines": {
        "node": ">=16.20.0"
      }
    },
    "node_modules/@typescript/native-preview-darwin-x64": {
      "version": "7.0.0-dev.20260702.3",
      "resolved": "https://registry.npmjs.org/@typescript/native-preview-darwin-x64/-/native-preview-darwin-x64-7.0.0-dev.20260702.3.tgz",
      "integrity": "sha512-j8ZYT/chWtx3QT1Bghp0/+2g6aKLaxRVpXEHt6Fjdj4OXQTpH4pljOE0+LeAqaET88PUo/XM9pi0TJ5TJwHLMg==",
      "cpu": [
        "x64"
      ],
      "optional": true,
      "os": [
        "darwin"
      ],
      "engines": {
        "node": ">=16.20.0"
      }
    },
    "node_modules/@typescript/native-preview-linux-arm": {
      "version": "7.0.0-dev.20260702.3",
      "resolved": "https://registry.npmjs.org/@typescript/native-preview-linux-arm/-/native-preview-linux-arm-7.0.0-dev.20260702.3.tgz",
      "integrity": "sha512-SM73Mp3oYUWkyHmym0MVfPnMeLGM6oo1vcPZTxVoL7BOKWkJKK+iM7D1tcqDSZNPwURSkWMxP17Dh+4JPqzikg==",
      "cpu": [
        "arm"
      ],
      "optional": true,
      "os": [
        "linux"
      ],
      "engines": {
        "node": ">=16.20.0"
      }
    },
    "node_modules/@typescript/native-preview-linux-arm64": {
      "version": "7.0.0-dev.20260702.3",
      "resolved": "https://registry.npmjs.org/@typescript/native-preview-linux-arm64/-/native-preview-linux-arm64-7.0.0-dev.20260702.3.tgz",
      "integrity": "sha512-FEBt9UER27yvn3o4quXZ9fQ/Hd39hxFPljJe8dxstCvyYLh0A9TwDuuwghWCisp5U9TDWWtl8m1GLjvqIKc6IA==",
      "cpu": [
        "arm64"
      ],
      "optional": true,
      "os": [
        "linux"
      ],
      "engines": {
        "node": ">=16.20.0"
      }
    },
    "node_modules/@typescript/native-preview-linux-x64": {
      "version": "7.0.0-dev.20260702.3",
      "resolved": "https://registry.npmjs.org/@typescript/native-preview-linux-x64/-/native-preview-linux-x64-7.0.0-dev.20260702.3.tgz",
      "integrity": "sha512-CY/r7gHjDnf3xWptpQVRQnagMdUDbh+zL01SF+cTJsg1WVY3TtVNrCo48dwAnJL+U97qx1SKaGVsi/8cSPwrZA==",
      "cpu": [
        "x64"
      ],
      "optional": true,
      "os": [
        "linux"
      ],
      "engines": {
        "node": ">=16.20.0"
      }
    },
    "node_modules/@typescript/native-preview-win32-arm64": {
      "version": "7.0.0-dev.20260702.3",
      "resolved": "https://registry.npmjs.org/@typescript/native-preview-win32-arm64/-/native-preview-win32-arm64-7.0.0-dev.20260702.3.tgz",
      "integrity": "sha512-9U/ahdJAWZdYxPdNry3VAhB9avaQCiqsEk2PfheeKrKSKCtfs5FoPXy/QXAaIGIBK/Lw4a7OqyVyEbd0i77TkQ==",
      "cpu": [
        "arm64"
      ],
      "optional": true,
      "os": [
        "win32"
      ],
      "engines": {
        "node": ">=16.20.0"
      }
    },
    "node_modules/@typescript/native-preview-win32-x64": {
      "version": "7.0.0-dev.20260702.3",
      "resolved": "https://registry.npmjs.org/@typescript/native-preview-win32-x64/-/native-preview-win32-x64-7.0.0-dev.20260702.3.tgz",
      "integrity": "sha512-kPqfivHuzzEK2NFEl2QeCCiWJ4qkGMJYFX9TmJ4ylh784XICgQLX3PJe7OCqZcUicfeMIIDu6m3flcCi+4tW4Q==",
      "cpu": [
        "x64"
      ],
      "optional": true,
      "os": [
        "win32"
      ],
      "engines": {
        "node": ">=16.20.0"
      }
    }
  },
  "dependencies": {
    "@typescript/native-preview": {
      "version": "7.0.0-dev.20260702.3",
      "resolved": "https://registry.npmjs.org/@typescript/native-preview/-/native-preview-7.0.0-dev.20260702.3.tgz",
      "integrity": "sha512-j21laxUja23ex6qYGjwiSiQ6YpS/p5E7lCMDYKDBAdBv93Z1NzV96BZV3gdRwl+buH09EPuBAiqxKQqRO1grhw==",
      "requires": {
        "@typescript/native-preview-darwin-arm64": "7.0.0-dev.20260702.3",
        "@typescript/native-preview-darwin-x64": "7.0.0-dev.20260702.3",
        "@typescript/native-preview-linux-arm": "7.0.0-dev.20260702.3",
        "@typescript/native-preview-linux-arm64": "7.0.0-dev.20260702.3",
        "@typescript/native-preview-linux-x64": "7.0.0-dev.20260702.3",
        "@typescript/native-preview-win32-arm64": "7.0.0-dev.20260702.3",
        "@typescript/native-preview-win32-x64": "7.0.0-dev.20260702.3"
      }
    },
    "@typescript/native-preview-darwin-arm64": {
      "version": "7.0.0-dev.20260702.3",
      "resolved": "https://registry.npmjs.org/@typescript/native-preview-darwin-arm64/-/native-preview-darwin-arm64-7.0.0-dev.20260702.3.tgz",
      "integrity": "sha512-sswJ7XRSH17/jDv6eqlRyNzjQev4w+TH+16RgeoZkKbQfZnVuLchF4ORCecEuia15X2yE8pbiQGY596LVbGKdA==",
      "optional": true
    },
    "@typescript/native-preview-darwin-x64": {
      "version": "7.0.0-dev.20260702.3",
      "resolved": "https://registry.npmjs.org/@typescript/native-preview-darwin-x64/-/native-preview-darwin-x64-7.0.0-dev.20260702.3.tgz",
      "integrity": "sha512-j8ZYT/chWtx3QT1Bghp0/+2g6aKLaxRVpXEHt6Fjdj4OXQTpH4pljOE0+LeAqaET88PUo/XM9pi0TJ5TJwHLMg==",
      "optional": true
    },
    "@typescript/native-preview-linux-arm": {
      "version": "7.0.0-dev.20260702.3",
      "resolved": "https://registry.npmjs.org/@typescript/native-preview-linux-arm/-/native-preview-linux-arm-7.0.0-dev.20260702.3.tgz",
      "integrity": "sha512-SM73Mp3oYUWkyHmym0MVfPnMeLGM6oo1vcPZTxVoL7BOKWkJKK+iM7D1tcqDSZNPwURSkWMxP17Dh+4JPqzikg==",
      "optional": true
    },
    "@typescript/native-preview-linux-arm64": {
      "version": "7.0.0-dev.20260702.3",
      "resolved": "https://registry.npmjs.org/@typescript/native-preview-linux-arm64/-/native-preview-linux-arm64-7.0.0-dev.20260702.3.tgz",
      "integrity": "sha512-FEBt9UER27yvn3o4quXZ9fQ/Hd39hxFPljJe8dxstCvyYLh0A9TwDuuwghWCisp5U9TDWWtl8m1GLjvqIKc6IA==",
      "optional": true
    },
    "@typescript/native-preview-linux-x64": {
      "version": "7.0.0-dev.20260702.3",
      "resolved": "https://registry.npmjs.org/@typescript/native-preview-linux-x64/-/native-preview-linux-x64-7.0.0-dev.20260702.3.tgz",
      "integrity": "sha512-CY/r7gHjDnf3xWptpQVRQnagMdUDbh+zL01SF+cTJsg1WVY3TtVNrCo48dwAnJL+U97qx1SKaGVsi/8cSPwrZA==",
      "optional": true
    },
    "@typescript/native-preview-win32-arm64": {
      "version": "7.0.0-dev.20260702.3",
      "resolved": "https://registry.npmjs.org/@typescript/native-preview-win32-arm64/-/native-preview-win32-arm64-7.0.0-dev.20260702.3.tgz",
      "integrity": "sha512-9U/ahdJAWZdYxPdNry3VAhB9avaQCiqsEk2PfheeKrKSKCtfs5FoPXy/QXAaIGIBK/Lw4a7OqyVyEbd0i77TkQ==",
      "optional": true
    },
    "@typescript/native-preview-win32-x64": {
      "version": "7.0.0-dev.20260702.3",
      "resolved": "https://registry.npmjs.org/@typescript/native-preview-win32-x64/-/native-preview-win32-x64-7.0.0-dev.20260702.3.tgz",
      "integrity": "sha512-kPqfivHuzzEK2NFEl2QeCCiWJ4qkGMJYFX9TmJ4ylh784XICgQLX3PJe7OCqZcUicfeMIIDu6m3flcCi+4tW4Q==",
      "optional": true
    }
  }
}
